
Microsoft Visual Studio Solution File, Format Version 12.00
# Visual Studio Version 16
VisualStudioVersion = 16.0.32106.194
MinimumVisualStudioVersion = 10.0.40219.1
Project("{FAE04EC0-301F-11D3-BF4B-00C04F79EFBC}") = "P128RestaurantManagement", "P128RestaurantManagement\P128RestaurantManagement.csproj", "{DA9D53AC-E1CA-4C22-9EA6-4E6B017B2F78}"
EndProject
Global
	GlobalSection(SolutionConfigurationPlatforms) = preSolution
		Debug|Any CPU = Debug|Any CPU
		Release|Any CPU = Release|Any CPU
	EndGlobalSection
	GlobalSection(ProjectConfigurationPlatforms) = postSolution
		{DA9D53AC-E1CA-4C22-9EA6-4E6B017B2F78}.Debug|Any CPU.ActiveCfg = Debug|Any CPU
		{DA9D53AC-E1CA-4C22-9EA6-4E6B017B2F78}.Debug|Any CPU.Build.0 = Debug|Any CPU
		{DA9D53AC-E1CA-4C22-9EA6-4E6B017B2F78}.Release|Any CPU.ActiveCfg = Release|Any CPU
		{DA9D53AC-E1CA-4C22-9EA6-4E6B017B2F78}.Release|Any CPU.Build.0 = Release|Any CPU
	EndGlobalSection
	GlobalSection(SolutionProperties) = preSolution
		HideSolutionNode = FALSE
	EndGlobalSection
	GlobalSection(ExtensibilityGlobals) = postSolution
		SolutionGuid = {509850CA-099F-4D8A-85A3-92E093DC80A5}
	EndGlobalSection
EndGlobal
